// !$*UTF8*$!
{
	archiveVersion = 1;
	classes = {
	};
	objectVersion = 50;
	objects = {

/* Begin PBXBuildFile section */
		80FE029D24CFF41C00B753C1 /* AppDelegate.swift in Sources */ = {isa = PBXBuildFile; fileRef = 80FE029C24CFF41C00B753C1 /* AppDelegate.swift */; };
		80FE029F24CFF41C00B753C1 /* SceneDelegate.swift in Sources */ = {isa = PBXBuildFile; fileRef = 80FE029E24CFF41C00B753C1 /* SceneDelegate.swift */; };
		80FE02A124CFF41C00B753C1 /* ToDoVC.swift in Sources */ = {isa = PBXBuildFile; fileRef = 80FE02A024CFF41C00B753C1 /* ToDoVC.swift */; };
		80FE02A424CFF41C00B753C1 /* Main.storyboard in Resources */ = {isa = PBXBuildFile; fileRef = 80FE02A224CFF41C00B753C1 /* Main.storyboard */; };
		80FE02A624CFF42300B753C1 /* Assets.xcassets in Resources */ = {isa = PBXBuildFile; fileRef = 80FE02A524CFF42300B753C1 /* Assets.xcassets */; };
		80FE02A924CFF42300B753C1 /* LaunchScreen.storyboard in Resources */ = {isa = PBXBuildFile; fileRef = 80FE02A724CFF42300B753C1 /* LaunchScreen.storyboard */; };
		80FE02B424D01C3800B753C1 /* ToDoCell.swift in Sources */ = {isa = PBXBuildFile; fileRef = 80FE02B324D01C3800B753C1 /* ToDoCell.swift */; };
/* End PBXBuildFile section */

/* Begin PBXFileReference section */
		80FE029924CFF41C00B753C1 /* ToDo_iOS_app.app */ = {isa = PBXFileReference; explicitFileType = wrapper.application; includeInIndex = 0; path = ToDo_iOS_app.app; sourceTree = BUILT_PRODUCTS_DIR; };
		80FE029C24CFF41C00B753C1 /* AppDelegate.swift */ = {isa = PBXFileReference; lastKnownFileType = sourcecode.swift; path = AppDelegate.swift; sourceTree = "<group>"; };
		80FE029E24CFF41C00B753C1 /* SceneDelegate.swift */ = {isa = PBXFileReference; lastKnownFileType = sourcecode.swift; path = SceneDelegate.swift; sourceTree = "<group>"; };
		80FE02A024CFF41C00B753C1 /* ToDoVC.swift */ = {isa = PBXFileReference; lastKnownFileType = sourcecode.swift; path = ToDoVC.swift; sourceTree = "<group>"; };
		80FE02A324CFF41C00B753C1 /* Base */ = {isa = PBXFileReference; lastKnownFileType = file.storyboard; name = Base; path = Base.lproj/Main.storyboard; sourceTree = "<group>"; };
		80FE02A524CFF42300B753C1 /* Assets.xcassets */ = {isa = PBXFileReference; lastKnownFileType = folder.assetcatalog; path = Assets.xcassets; sourceTree = "<group>"; };
		80FE02A824CFF42300B753C1 /* Base */ = {isa = PBXFileReference; lastKnownFileType = file.storyboard; name = Base; path = Base.lproj/LaunchScreen.storyboard; sourceTree = "<group>"; };
		80FE02AA24CFF42300B753C1 /* Info.plist */ = {isa = PBXFileReference; lastKnownFileType = text.plist.xml; path = Info.plist; sourceTree = "<group>"; };
		80FE02B324D01C3800B753C1 /* ToDoCell.swift */ = {isa = PBXFileReference; lastKnownFileType = sourcecode.swift; path = ToDoCell.swift; sourceTree = "<group>"; };
/* End PBXFileReference section */

/* Begin PBXFrameworksBuildPhase section */
		80FE029624CFF41C00B753C1 /* Frameworks */ = {
			isa = PBXFrameworksBuildPhase;
			buildActionMask = 2147483647;
			files = (
			);
			runOnlyForDeploymentPostprocessing = 0;
		};
/* End PBXFrameworksBuildPhase section */

/* Begin PBXGroup section */
		80FE029024CFF41C00B753C1 = {
			isa = PBXGroup;
			children = (
				80FE029B24CFF41C00B753C1 /* ToDo_iOS_app */,
				80FE029A24CFF41C00B753C1 /* Products */,
			);
			sourceTree = "<group>";
		};
		80FE029A24CFF41C00B753C1 /* Products */ = {
			isa = PBXGroup;
			children = (
				80FE029924CFF41C00B753C1 /* ToDo_iOS_app.app */,
			);
			name = Products;
			sourceTree = "<group>";
		};
		80FE029B24CFF41C00B753C1 /* ToDo_iOS_app */ = {
			isa = PBXGroup;
			children = (
				80FE02B224D01B7E00B753C1 /* Controller */,
				80FE02B124D01B7400B753C1 /* View */,
				80FE02B024D01B6000B753C1 /* Modal */,
				80FE029C24CFF41C00B753C1 /* AppDelegate.swift */,
				80FE029E24CFF41C00B753C1 /* SceneDelegate.swift */,
				80FE02A224CFF41C00B753C1 /* Main.storyboard */,
				80FE02A524CFF42300B753C1 /* Assets.xcassets */,
				80FE02A724CFF42300B753C1 /* LaunchScreen.storyboard */,
				80FE02AA24CFF42300B753C1 /* Info.plist */,
			);
			path = ToDo_iOS_app;
			sourceTree = "<group>";
		};
		80FE02B024D01B6000B753C1 /* Modal */ = {
			isa = PBXGroup;
			children = (
			);
			path = Modal;
			sourceTree = "<group>";
		};
		80FE02B124D01B7400B753C1 /* View */ = {
			isa = PBXGroup;
			children = (
				80FE02B324D01C3800B753C1 /* ToDoCell.swift */,
			);
			path = View;
			sourceTree = "<group>";
		};
		80FE02B224D01B7E00B753C1 /* Controller */ = {
			isa = PBXGroup;
			children = (
				80FE02A024CFF41C00B753C1 /* ToDoVC.swift */,
			);
			path = Controller;
			sourceTree = "<group>";
		};
/* End PBXGroup section */

/* Begin PBXNativeTarget section */
		80FE029824CFF41C00B753C1 /* ToDo_iOS_app */ = {
			isa = PBXNativeTarget;
			buildConfigurationList = 80FE02AD24CFF42300B753C1 /* Build configuration list for PBXNativeTarget "ToDo_iOS_app" */;
			buildPhases = (
				80FE029524CFF41C00B753C1 /* Sources */,
				80FE029624CFF41C00B753C1 /* Frameworks */,
				80FE029724CFF41C00B753C1 /* Resources */,
			);
			buildRules = (
			);
			dependencies = (
			);
			name = ToDo_iOS_app;
			productName = ToDo_iOS_app;
			productReference = 80FE029924CFF41C00B753C1 /* ToDo_iOS_app.app */;
			productType = "com.apple.product-type.application";
		};
/* End PBXNativeTarget section */

/* Begin PBXProject section */
		80FE029124CFF41C00B753C1 /* Project object */ = {
			isa = PBXProject;
			attributes = {
				LastSwiftUpdateCheck = 1150;
				LastUpgradeCheck = 1150;
				ORGANIZATIONNAME = "Sai Raghu Varma Kallepalli";
				TargetAttributes = {
					80FE029824CFF41C00B753C1 = {
						CreatedOnToolsVersion = 11.5;
					};
				};
			};
			buildConfigurationList = 80FE029424CFF41C00B753C1 /* Build configuration list for PBXProject "ToDo_iOS_app" */;
			compatibilityVersion = "Xcode 9.3";
			developmentRegion = en;
			hasScannedForEncodings = 0;
			knownRegions = (
				en,
				Base,
			);
			mainGroup = 80FE029024CFF41C00B753C1;
			productRefGroup = 80FE029A24CFF41C00B753C1 /* Products */;
			projectDirPath = "";
			projectRoot = "";
			targets = (
				80FE029824CFF41C00B753C1 /* ToDo_iOS_app */,
			);
		};
/* End PBXProject section */

/* Begin PBXResourcesBuildPhase section */
		80FE029724CFF41C00B753C1 /* Resources */ = {
			isa = PBXResourcesBuildPhase;
			buildActionMask = 2147483647;
			files = (
				80FE02A924CFF42300B753C1 /* LaunchScreen.storyboard in Resources */,
				80FE02A624CFF42300B753C1 /* Assets.xcassets in Resources */,
				80FE02A424CFF41C00B753C1 /* Main.storyboard in Resources */,
			);
			runOnlyForDeploymentPostprocessing = 0;
		};
/* End PBXResourcesBuildPhase section */

/* Begin PBXSourcesBuildPhase section */
		80FE029524CFF41C00B753C1 /* Sources */ = {
			isa = PBXSourcesBuildPhase;
			buildActionMask = 2147483647;
			files = (
				80FE02A124CFF41C00B753C1 /* ToDoVC.swift in Sources */,
				80FE029D24CFF41C00B753C1 /* AppDelegate.swift in Sources */,
				80FE029F24CFF41C00B753C1 /* SceneDelegate.swift in Sources */,
				80FE02B424D01C3800B753C1 /* ToDoCell.swift in Sources */,
			);
			runOnlyForDeploymentPostprocessing = 0;
		};
/* End PBXSourcesBuildPhase section */

/* Begin PBXVariantGroup section */
		80FE02A224CFF41C00B753C1 /* Main.storyboard */ = {
			isa = PBXVariantGroup;
			children = (
				80FE02A324CFF41C00B753C1 /* Base */,
			);
			name = Main.storyboard;
			sourceTree = "<group>";
		};
		80FE02A724CFF42300B753C1 /* LaunchScreen.storyboard */ = {
			isa = PBXVariantGroup;
			children = (
				80FE02A824CFF42300B753C1 /* Base */,
			);
			name = LaunchScreen.storyboard;
			sourceTree = "<group>";
		};
/* End PBXVariantGroup section */

/* Begin XCBuildConfiguration section */
		80FE02AB24CFF42300B753C1 /* Debug */ = {
			isa = XCBuildConfiguration;
			buildSettings = {
				ALWAYS_SEARCH_USER_PATHS = NO;
				CLANG_ANALYZER_NONNULL = YES;
				CLANG_ANALYZER_NUMBER_OBJECT_CONVERSION = YES_AGGRESSIVE;
				CLANG_CXX_LANGUAGE_STANDARD = "gnu++14";
				CLANG_CXX_LIBRARY = "libc++";
				CLANG_ENABLE_MODULES = YES;
				CLANG_ENABLE_OBJC_ARC = YES;
				CLANG_ENABLE_OBJC_WEAK = YES;
				CLANG_WARN_BLOCK_CAPTURE_AUTORELEASING = YES;
				CLANG_WARN_BOOL_CONVERSION = YES;
				CLANG_WARN_COMMA = YES;
				CLANG_WARN_CONSTANT_CONVERSION = YES;
				CLANG_WARN_DEPRECATED_OBJC_IMPLEMENTATIONS = YES;
				CLANG_WARN_DIRECT_OBJC_ISA_USAGE = YES_ERROR;
				CLANG_WARN_DOCUMENTATION_COMMENTS = YES;
				CLANG_WARN_EMPTY_BODY = YES;
				CLANG_WARN_ENUM_CONVERSION = YES;
				CLANG_WARN_INFINITE_RECURSION = YES;
				CLANG_WARN_INT_CONVERSION = YES;
				CLANG_WARN_NON_LITERAL_NULL_CONVERSION = YES;
				CLANG_WARN_OBJC_IMPLICIT_RETAIN_SELF = YES;
				CLANG_WARN_OBJC_LITERAL_CONVERSION = YES;
				CLANG_WARN_OBJC_ROOT_CLASS = YES_ERROR;
				CLANG_WARN_RANGE_LOOP_ANALYSIS = YES;
				CLANG_WARN_STRICT_PROTOTYPES = YES;
				CLANG_WARN_SUSPICIOUS_MOVE = YES;
				CLANG_WARN_UNGUARDED_AVAILABILITY = YES_AGGRESSIVE;
				CLANG_WARN_UNREACHABLE_CODE = YES;
				CLANG_WARN__DUPLICATE_METHOD_MATCH = YES;
				COPY_PHASE_STRIP = NO;
				DEBUG_INFORMATION_FORMAT = dwarf;
				ENABLE_STRICT_OBJC_MSGSEND = YES;
				ENABLE_TESTABILITY = YES;
				GCC_C_LANGUAGE_STANDARD = gnu11;
				GCC_DYNAMIC_NO_PIC = NO;
				GCC_NO_COMMON_BLOCKS = YES;
				GCC_OPTIMIZATION_LEVEL = 0;
				GCC_PREPROCESSOR_DEFINITIONS = (
					"DEBUG=1",
					"$(inherited)",
				);
				GCC_WARN_64_TO_32_BIT_CONVERSION = YES;
				GCC_WARN_ABOUT_RETURN_TYPE = YES_ERROR;
				GCC_WARN_UNDECLARED_SELECTOR = YES;
				GCC_WARN_UNINITIALIZED_AUTOS = YES_AGGRESSIVE;
				GCC_WARN_UNUSED_FUNCTION = YES;
				GCC_WARN_UNUSED_VARIABLE = YES;
				IPHONEOS_DEPLOYMENT_TARGET = 13.5;
				MTL_ENABLE_DEBUG_INFO = INCLUDE_SOURCE;
				MTL_FAST_MATH = YES;
				ONLY_ACTIVE_ARCH = YES;
				SDKROOT = iphoneos;
				SWIFT_ACTIVE_COMPILATION_CONDITIONS = DEBUG;
				SWIFT_OPTIMIZATION_LEVEL = "-Onone";
			};
			name = Debug;
		};
		80FE02AC24CFF42300B753C1 /* Release */ = {
			isa = XCBuildConfiguration;
			buildSettings = {
				ALWAYS_SEARCH_USER_PATHS = NO;
				CLANG_ANALYZER_NONNULL = YES;
				CLANG_ANALYZER_NUMBER_OBJECT_CONVERSION = YES_AGGRESSIVE;
				CLANG_CXX_LANGUAGE_STANDARD = "gnu++14";
				CLANG_CXX_LIBRARY = "libc++";
				CLANG_ENABLE_MODULES = YES;
				CLANG_ENABLE_OBJC_ARC = YES;
				CLANG_ENABLE_OBJC_WEAK = YES;
				CLANG_WARN_BLOCK_CAPTURE_AUTORELEASING = YES;
				CLANG_WARN_BOOL_CONVERSION = YES;
				CLANG_WARN_COMMA = YES;
				CLANG_WARN_CONSTANT_CONVERSION = YES;
				CLANG_WARN_DEPRECATED_OBJC_IMPLEMENTATIONS = YES;
				CLANG_WARN_DIRECT_OBJC_ISA_USAGE = YES_ERROR;
				CLANG_WARN_DOCUMENTATION_COMMENTS = YES;
				CLANG_WARN_EMPTY_BODY = YES;
				CLANG_WARN_ENUM_CONVERSION = YES;
				CLANG_WARN_INFINITE_RECURSION = YES;
				CLANG_WARN_INT_CONVERSION = YES;
				CLANG_WARN_NON_LITERAL_NULL_CONVERSION = YES;
				CLANG_WARN_OBJC_IMPLICIT_RETAIN_SELF = YES;
				CLANG_WARN_OBJC_LITERAL_CONVERSION = YES;
				CLANG_WARN_OBJC_ROOT_CLASS = YES_ERROR;
				CLANG_WARN_RANGE_LOOP_ANALYSIS = YES;
				CLANG_WARN_STRICT_PROTOTYPES = YES;
				CLANG_WARN_SUSPICIOUS_MOVE = YES;
				CLANG_WARN_UNGUARDED_AVAILABILITY = YES_AGGRESSIVE;
				CLANG_WARN_UNREACHABLE_CODE = YES;
				CLANG_WARN__DUPLICATE_METHOD_MATCH = YES;
				COPY_PHASE_STRIP = NO;
				DEBUG_INFORMATION_FORMAT = "dwarf-with-dsym";
				ENABLE_NS_ASSERTIONS = NO;
				ENABLE_STRICT_OBJC_MSGSEND = YES;
				GCC_C_LANGUAGE_STANDARD = gnu11;
				GCC_NO_COMMON_BLOCKS = YES;
				GCC_WARN_64_TO_32_BIT_CONVERSION = YES;
				GCC_WARN_ABOUT_RETURN_TYPE = YES_ERROR;
				GCC_WARN_UNDECLARED_SELECTOR = YES;
				GCC_WARN_UNINITIALIZED_AUTOS = YES_AGGRESSIVE;
				GCC_WARN_UNUSED_FUNCTION = YES;
				GCC_WARN_UNUSED_VARIABLE = YES;
				IPHONEOS_DEPLOYMENT_TARGET = 13.5;
				MTL_ENABLE_DEBUG_INFO = NO;
				MTL_FAST_MATH = YES;
				SDKROOT = iphoneos;
				SWIFT_COMPILATION_MODE = wholemodule;
				SWIFT_OPTIMIZATION_LEVEL = "-O";
				VALIDATE_PRODUCT = YES;
			};
			name = Release;
		};
		80FE02AE24CFF42300B753C1 /* Debug */ = {
			isa = XCBuildConfiguration;
			buildSettings = {
				ASSETCATALOG_COMPILER_APPICON_NAME = AppIcon;
				CODE_SIGN_STYLE = Automatic;
				INFOPLIST_FILE = ToDo_iOS_app/Info.plist;
				LD_RUNPATH_SEARCH_PATHS = (
					"$(inherited)",
					"@executable_path/Frameworks",
				);
				PRODUCT_BUNDLE_IDENTIFIER = "com.raghu.ToDo-iOS-app";
				PRODUCT_NAME = "$(TARGET_NAME)";
				SWIFT_VERSION = 5.0;
				TARGETED_DEVICE_FAMILY = "1,2";
			};
			name = Debug;
		};
		80FE02AF24CFF42300B753C1 /* Release */ = {
			isa = XCBuildConfiguration;
			buildSettings = {
				ASSETCATALOG_COMPILER_APPICON_NAME = AppIcon;
				CODE_SIGN_STYLE = Automatic;
				INFOPLIST_FILE = ToDo_iOS_app/Info.plist;
				LD_RUNPATH_SEARCH_PATHS = (
					"$(inherited)",
					"@executable_path/Frameworks",
				);
				PRODUCT_BUNDLE_IDENTIFIER = "com.raghu.ToDo-iOS-app";
				PRODUCT_NAME = "$(TARGET_NAME)";
				SWIFT_VERSION = 5.0;
				TARGETED_DEVICE_FAMILY = "1,2";
			};
			name = Release;
		};
/* End XCBuildConfiguration section */

/* Begin XCConfigurationList section */
		80FE029424CFF41C00B753C1 /* Build configuration list for PBXProject "ToDo_iOS_app" */ = {
			isa = XCConfigurationList;
			buildConfigurations = (
				80FE02AB24CFF42300B753C1 /* Debug */,
				80FE02AC24CFF42300B753C1 /* Release */,
			);
			defaultConfigurationIsVisible = 0;
			defaultConfigurationName = Release;
		};
		80FE02AD24CFF42300B753C1 /* Build configuration list for PBXNativeTarget "ToDo_iOS_app" */ = {
			isa = XCConfigurationList;
			buildConfigurations = (
				80FE02AE24CFF42300B753C1 /* Debug */,
				80FE02AF24CFF42300B753C1 /* Release */,
			);
			defaultConfigurationIsVisible = 0;
			defaultConfigurationName = Release;
		};
/* End XCConfigurationList section */
	};
	rootObject = 80FE029124CFF41C00B753C1 /* Project object */;
}
